code.google.com/p/gogoprotobuf/proto	a35ad7295e7ff41bc6a5e625e5e17486845cc225
code.google.com/p/gogoprotobuf/protoc-gen-gogo	a35ad7295e7ff41bc6a5e625e5e17486845cc225
github.com/onsi/gomega	82aceb33958ceb2758ee32204e02e681d483423c
github.com/onsi/ginkgo	9019392d862065b9f2c4461623bd0d1abfd5f435
github.com/onsi/ginkgo/ginkgo	9019392d862065b9f2c4461623bd0d1abfd5f435
github.com/vito/cmdtest	4b86f8c2259c55e86e4b971cd7dc5dfb03e41b80
github.com/vito/gordon	38706f99b50e245ecd22ec6d0a69a1d3f6e27d60
